{
  "name": "find-kdusha",
  "version": "0.0.1",
  "lockfileVersion": 1,
  "requires": true,
  "dependencies": {
    "@ionic-native/core": {
      "version": "4.11.0",
      "resolved": "https://registry.npmjs.org/@ionic-native/core/-/core-4.11.0.tgz",
      "integrity": "sha512-bBFE6bM0P254CWmqAqWe2ju7WPo51yn/vIoBrEb5SX2Iousn+1xYwuIO93n9+nlx17EI7Uz+h2mPej4Chi7hLQ=="
    },
    "cordova-plugin-telerik-imagepicker": {
      "version": "2.2.2",
      "resolved": "https://registry.npmjs.org/cordova-plugin-telerik-imagepicker/-/cordova-plugin-telerik-imagepicker-2.2.2.tgz",
      "integrity": "sha512-QbB9Fdx6G3ex6C3iNqvjYGkB8Eh9qhE8VOw0+ohSIk4c11KICT0q33yOhn+lkqb+l5IUZnqPk3H9jND/5yZk8Q=="
    }
  }
}
